{
    "name": "fanyi",
    "version": "1.0.0",
    "lockfileVersion": 1,
    "requires": true,
    "dependencies": {
        "@types/md5": {
            "version": "2.2.0",
            "resolved": "https://registry.npmjs.org/@types/md5/-/md5-2.2.0.tgz",
            "integrity": "sha512-JN8OVL/wiDlCWTPzplsgMPu0uE9Q6blwp68rYsfk2G8aokRUQ8XD9MEhZwihfAiQvoyE+m31m6i3GFXwYWomKQ==",
            "requires": {
                "@types/node": "*"
            }
        },
        "@types/node": {
            "version": "14.0.20",
            "resolved": "https://registry.npmjs.org/@types/node/-/node-14.0.20.tgz",
            "integrity": "sha512-MRn/NP3dee8yL5QhbSA6riuwkS+UOcsPUMOIOG3KMUQpuor/2TopdRBu8QaaB4fGU+gz/bzyDWt0FtUbeJ8H1A=="
        },
        "charenc": {
            "version": "0.0.2",
            "resolved": "https://registry.npmjs.org/charenc/-/charenc-0.0.2.tgz",
            "integrity": "sha1-wKHS86cJLgN3S/qD8UwPxXkKhmc="
        },
        "commander": {
            "version": "5.1.0",
            "resolved": "https://registry.npmjs.org/commander/-/commander-5.1.0.tgz",
            "integrity": "sha512-P0CysNDQ7rtVw4QIQtm+MRxV66vKFSvlsQvGYXZWR3qFU0jlMKHZZZgw8e+8DSah4UDKMqnknRDQz+xuQXQ/Zg=="
        },
        "crypt": {
            "version": "0.0.2",
            "resolved": "https://registry.npmjs.org/crypt/-/crypt-0.0.2.tgz",
            "integrity": "sha1-iNf/fsDfuG9xPch7u0LQRNPmxBs="
        },
        "is-buffer": {
            "version": "1.1.6",
            "resolved": "https://registry.npmjs.org/is-buffer/-/is-buffer-1.1.6.tgz",
            "integrity": "sha512-NcdALwpXkTm5Zvvbk7owOUSvVvBKDgKP5/ewfXEznmQFfs4ZRmanOeKBTjRVjka3QFoN6XJ+9F3USqfHqTaU5w=="
        },
        "md5": {
            "version": "2.2.1",
            "resolved": "https://registry.npmjs.org/md5/-/md5-2.2.1.tgz",
            "integrity": "sha1-U6s41f48iJG6RlMp6iP6wFQBJvk=",
            "requires": {
                "charenc": "~0.0.1",
                "crypt": "~0.0.1",
                "is-buffer": "~1.1.1"
            }
        }
    }
}
