{
    "name": "xhr-translate",
    "version": "1.0.2",
    "lockfileVersion": 2,
    "requires": true,
    "packages": {
        "": {
            "name": "xhr-translate",
            "version": "1.0.2",
            "license": "ISC",
            "dependencies": {
                "@types/md5": "^2.2.0",
                "commander": "^5.1.0",
                "md5": "^2.2.1",
                "user": "^0.0.0",
                "xhr-translate": "^1.0.2"
            },
            "bin": {
                "trans": "dist/cli.js"
            },
            "devDependencies": {
                "@types/node": "^14.0.20"
            }
        },
        "node_modules/@types/md5": {
            "version": "2.2.0",
            "resolved": "https://registry.npmjs.org/@types/md5/-/md5-2.2.0.tgz",
            "integrity": "sha512-JN8OVL/wiDlCWTPzplsgMPu0uE9Q6blwp68rYsfk2G8aokRUQ8XD9MEhZwihfAiQvoyE+m31m6i3GFXwYWomKQ==",
            "dependencies": {
                "@types/node": "*"
            }
        },
        "node_modules/@types/node": {
            "version": "14.0.20",
            "resolved": "https://registry.npmjs.org/@types/node/-/node-14.0.20.tgz",
            "integrity": "sha512-MRn/NP3dee8yL5QhbSA6riuwkS+UOcsPUMOIOG3KMUQpuor/2TopdRBu8QaaB4fGU+gz/bzyDWt0FtUbeJ8H1A=="
        },
        "node_modules/charenc": {
            "version": "0.0.2",
            "resolved": "https://registry.npmjs.org/charenc/-/charenc-0.0.2.tgz",
            "integrity": "sha1-wKHS86cJLgN3S/qD8UwPxXkKhmc=",
            "engines": {
                "node": "*"
            }
        },
        "node_modules/commander": {
            "version": "5.1.0",
            "resolved": "https://registry.npmjs.org/commander/-/commander-5.1.0.tgz",
            "integrity": "sha512-P0CysNDQ7rtVw4QIQtm+MRxV66vKFSvlsQvGYXZWR3qFU0jlMKHZZZgw8e+8DSah4UDKMqnknRDQz+xuQXQ/Zg==",
            "engines": {
                "node": ">= 6"
            }
        },
        "node_modules/crypt": {
            "version": "0.0.2",
            "resolved": "https://registry.npmjs.org/crypt/-/crypt-0.0.2.tgz",
            "integrity": "sha1-iNf/fsDfuG9xPch7u0LQRNPmxBs=",
            "engines": {
                "node": "*"
            }
        },
        "node_modules/is-buffer": {
            "version": "1.1.6",
            "resolved": "https://registry.npmjs.org/is-buffer/-/is-buffer-1.1.6.tgz",
            "integrity": "sha512-NcdALwpXkTm5Zvvbk7owOUSvVvBKDgKP5/ewfXEznmQFfs4ZRmanOeKBTjRVjka3QFoN6XJ+9F3USqfHqTaU5w=="
        },
        "node_modules/md5": {
            "version": "2.2.1",
            "resolved": "https://registry.npmjs.org/md5/-/md5-2.2.1.tgz",
            "integrity": "sha1-U6s41f48iJG6RlMp6iP6wFQBJvk=",
            "dependencies": {
                "charenc": "~0.0.1",
                "crypt": "~0.0.1",
                "is-buffer": "~1.1.1"
            }
        },
        "node_modules/user": {
            "version": "0.0.0",
            "resolved": "https://registry.npmjs.org/user/-/user-0.0.0.tgz",
            "integrity": "sha1-8n8bI/xRHyqO+kDbVc+6Ejgk4Co="
        },
        "node_modules/xhr-translate": {
            "version": "1.0.2",
            "resolved": "https://registry.npmjs.org/xhr-translate/-/xhr-translate-1.0.2.tgz",
            "integrity": "sha512-Xfkv/itGY3B2qE8Cbn5jCcSFJDOMIAsp5S16IDOLDfL+dHvqnJSLP6gyrfpM4c55hoV0DedaKoIwLSO/a8bp0w==",
            "dependencies": {
                "@types/md5": "^2.2.0",
                "commander": "^5.1.0",
                "md5": "^2.2.1",
                "user": "^0.0.0"
            },
            "bin": {
                "trans": "dist/cli.js"
            }
        }
    },
    "dependencies": {
        "@types/md5": {
            "version": "2.2.0",
            "resolved": "https://registry.npmjs.org/@types/md5/-/md5-2.2.0.tgz",
            "integrity": "sha512-JN8OVL/wiDlCWTPzplsgMPu0uE9Q6blwp68rYsfk2G8aokRUQ8XD9MEhZwihfAiQvoyE+m31m6i3GFXwYWomKQ==",
            "requires": {
                "@types/node": "*"
            }
        },
        "@types/node": {
            "version": "14.0.20",
            "resolved": "https://registry.npmjs.org/@types/node/-/node-14.0.20.tgz",
            "integrity": "sha512-MRn/NP3dee8yL5QhbSA6riuwkS+UOcsPUMOIOG3KMUQpuor/2TopdRBu8QaaB4fGU+gz/bzyDWt0FtUbeJ8H1A=="
        },
        "charenc": {
            "version": "0.0.2",
            "resolved": "https://registry.npmjs.org/charenc/-/charenc-0.0.2.tgz",
            "integrity": "sha1-wKHS86cJLgN3S/qD8UwPxXkKhmc="
        },
        "commander": {
            "version": "5.1.0",
            "resolved": "https://registry.npmjs.org/commander/-/commander-5.1.0.tgz",
            "integrity": "sha512-P0CysNDQ7rtVw4QIQtm+MRxV66vKFSvlsQvGYXZWR3qFU0jlMKHZZZgw8e+8DSah4UDKMqnknRDQz+xuQXQ/Zg=="
        },
        "crypt": {
            "version": "0.0.2",
            "resolved": "https://registry.npmjs.org/crypt/-/crypt-0.0.2.tgz",
            "integrity": "sha1-iNf/fsDfuG9xPch7u0LQRNPmxBs="
        },
        "is-buffer": {
            "version": "1.1.6",
            "resolved": "https://registry.npmjs.org/is-buffer/-/is-buffer-1.1.6.tgz",
            "integrity": "sha512-NcdALwpXkTm5Zvvbk7owOUSvVvBKDgKP5/ewfXEznmQFfs4ZRmanOeKBTjRVjka3QFoN6XJ+9F3USqfHqTaU5w=="
        },
        "md5": {
            "version": "2.2.1",
            "resolved": "https://registry.npmjs.org/md5/-/md5-2.2.1.tgz",
            "integrity": "sha1-U6s41f48iJG6RlMp6iP6wFQBJvk=",
            "requires": {
                "charenc": "~0.0.1",
                "crypt": "~0.0.1",
                "is-buffer": "~1.1.1"
            }
        },
        "user": {
            "version": "0.0.0",
            "resolved": "https://registry.npmjs.org/user/-/user-0.0.0.tgz",
            "integrity": "sha1-8n8bI/xRHyqO+kDbVc+6Ejgk4Co="
        },
        "xhr-translate": {
            "version": "1.0.2",
            "resolved": "https://registry.npmjs.org/xhr-translate/-/xhr-translate-1.0.2.tgz",
            "integrity": "sha512-Xfkv/itGY3B2qE8Cbn5jCcSFJDOMIAsp5S16IDOLDfL+dHvqnJSLP6gyrfpM4c55hoV0DedaKoIwLSO/a8bp0w==",
            "requires": {
                "@types/md5": "^2.2.0",
                "commander": "^5.1.0",
                "md5": "^2.2.1",
                "user": "^0.0.0"
            }
        }
    }
}
