# THIS IS AN AUTOGENERATED FILE. DO NOT EDIT THIS FILE DIRECTLY.
# yarn lockfile v1


"@types/md5@^2.2.0":
  "integrity" "sha512-JN8OVL/wiDlCWTPzplsgMPu0uE9Q6blwp68rYsfk2G8aokRUQ8XD9MEhZwihfAiQvoyE+m31m6i3GFXwYWomKQ=="
  "resolved" "https://registry.npmjs.org/@types/md5/-/md5-2.2.0.tgz"
  "version" "2.2.0"
  dependencies:
    "@types/node" "*"

"@types/node@*", "@types/node@^14.0.20":
  "integrity" "sha512-MRn/NP3dee8yL5QhbSA6riuwkS+UOcsPUMOIOG3KMUQpuor/2TopdRBu8QaaB4fGU+gz/bzyDWt0FtUbeJ8H1A=="
  "resolved" "https://registry.npmjs.org/@types/node/-/node-14.0.20.tgz"
  "version" "14.0.20"

"charenc@~0.0.1":
  "integrity" "sha1-wKHS86cJLgN3S/qD8UwPxXkKhmc="
  "resolved" "https://registry.npmjs.org/charenc/-/charenc-0.0.2.tgz"
  "version" "0.0.2"

"commander@^5.1.0":
  "integrity" "sha512-P0CysNDQ7rtVw4QIQtm+MRxV66vKFSvlsQvGYXZWR3qFU0jlMKHZZZgw8e+8DSah4UDKMqnknRDQz+xuQXQ/Zg=="
  "resolved" "https://registry.npmjs.org/commander/-/commander-5.1.0.tgz"
  "version" "5.1.0"

"crypt@~0.0.1":
  "integrity" "sha1-iNf/fsDfuG9xPch7u0LQRNPmxBs="
  "resolved" "https://registry.npmjs.org/crypt/-/crypt-0.0.2.tgz"
  "version" "0.0.2"

"is-buffer@~1.1.1":
  "integrity" "sha512-NcdALwpXkTm5Zvvbk7owOUSvVvBKDgKP5/ewfXEznmQFfs4ZRmanOeKBTjRVjka3QFoN6XJ+9F3USqfHqTaU5w=="
  "resolved" "https://registry.npmjs.org/is-buffer/-/is-buffer-1.1.6.tgz"
  "version" "1.1.6"

"md5@^2.2.1":
  "integrity" "sha1-U6s41f48iJG6RlMp6iP6wFQBJvk="
  "resolved" "https://registry.npmjs.org/md5/-/md5-2.2.1.tgz"
  "version" "2.2.1"
  dependencies:
    "charenc" "~0.0.1"
    "crypt" "~0.0.1"
    "is-buffer" "~1.1.1"

"user@^0.0.0":
  "integrity" "sha1-8n8bI/xRHyqO+kDbVc+6Ejgk4Co="
  "resolved" "https://registry.npmjs.org/user/-/user-0.0.0.tgz"
  "version" "0.0.0"

"xhr-translate@^1.0.2":
  "integrity" "sha512-Xfkv/itGY3B2qE8Cbn5jCcSFJDOMIAsp5S16IDOLDfL+dHvqnJSLP6gyrfpM4c55hoV0DedaKoIwLSO/a8bp0w=="
  "resolved" "https://registry.npmjs.org/xhr-translate/-/xhr-translate-1.0.2.tgz"
  "version" "1.0.2"
  dependencies:
    "@types/md5" "^2.2.0"
    "commander" "^5.1.0"
    "md5" "^2.2.1"
    "user" "^0.0.0"
